
Microsoft Visual Studio Solution File, Format Version 12.00
# Visual Studio 2013
VisualStudioVersion = 12.0.30501.0
MinimumVisualStudioVersion = 10.0.40219.1
Project("{FAE04EC0-301F-11D3-BF4B-00C04F79EFBC}") = "EventfulStoreApp", "EventfulStoreApp\EventfulStoreApp.csproj", "{585FAC2B-FCEA-4571-BA61-E7611191405B}"
EndProject
Project("{FAE04EC0-301F-11D3-BF4B-00C04F79EFBC}") = "Geocoding", "Geocoding\Geocoding.csproj", "{26512DAA-C323-4480-B249-F964B611270C}"
EndProject
Project("{FAE04EC0-301F-11D3-BF4B-00C04F79EFBC}") = "Contracts", "Contracts\Contracts.csproj", "{DFA7D83C-7678-43D7-99FB-7C70811C5A0D}"
EndProject
Project("{FAE04EC0-301F-11D3-BF4B-00C04F79EFBC}") = "Event.Tests", "Event.Tests\Event.Tests.csproj", "{53640205-F618-45DA-952C-9A04CB0C14A0}"
EndProject
Project("{FAE04EC0-301F-11D3-BF4B-00C04F79EFBC}") = "DI", "DI\DI.csproj", "{98D6D958-4103-40B3-BEEE-D8EE0D0DECE3}"
EndProject
Project("{FAE04EC0-301F-11D3-BF4B-00C04F79EFBC}") = "Events.Eventful", "Events.Eventful\Events.Eventful.csproj", "{FFEFA70D-D2FA-48C5-AC5A-936A7A75B61F}"
EndProject
Global
	GlobalSection(SolutionConfigurationPlatforms) = preSolution
		Debug|Any CPU = Debug|Any CPU
		Debug|ARM = Debug|ARM
		Debug|x64 = Debug|x64
		Debug|x86 = Debug|x86
		Release|Any CPU = Release|Any CPU
		Release|ARM = Release|ARM
		Release|x64 = Release|x64
		Release|x86 = Release|x86
	EndGlobalSection
	GlobalSection(ProjectConfigurationPlatforms) = postSolution
		{585FAC2B-FCEA-4571-BA61-E7611191405B}.Debug|Any CPU.ActiveCfg = Debug|Any CPU
		{585FAC2B-FCEA-4571-BA61-E7611191405B}.Debug|Any CPU.Build.0 = Debug|Any CPU
		{585FAC2B-FCEA-4571-BA61-E7611191405B}.Debug|Any CPU.Deploy.0 = Debug|Any CPU
		{585FAC2B-FCEA-4571-BA61-E7611191405B}.Debug|ARM.ActiveCfg = Debug|ARM
		{585FAC2B-FCEA-4571-BA61-E7611191405B}.Debug|ARM.Build.0 = Debug|ARM
		{585FAC2B-FCEA-4571-BA61-E7611191405B}.Debug|ARM.Deploy.0 = Debug|ARM
		{585FAC2B-FCEA-4571-BA61-E7611191405B}.Debug|x64.ActiveCfg = Debug|x64
		{585FAC2B-FCEA-4571-BA61-E7611191405B}.Debug|x64.Build.0 = Debug|x64
		{585FAC2B-FCEA-4571-BA61-E7611191405B}.Debug|x64.Deploy.0 = Debug|x64
		{585FAC2B-FCEA-4571-BA61-E7611191405B}.Debug|x86.ActiveCfg = Debug|x86
		{585FAC2B-FCEA-4571-BA61-E7611191405B}.Debug|x86.Build.0 = Debug|x86
		{585FAC2B-FCEA-4571-BA61-E7611191405B}.Debug|x86.Deploy.0 = Debug|x86
		{585FAC2B-FCEA-4571-BA61-E7611191405B}.Release|Any CPU.ActiveCfg = Release|Any CPU
		{585FAC2B-FCEA-4571-BA61-E7611191405B}.Release|Any CPU.Build.0 = Release|Any CPU
		{585FAC2B-FCEA-4571-BA61-E7611191405B}.Release|Any CPU.Deploy.0 = Release|Any CPU
		{585FAC2B-FCEA-4571-BA61-E7611191405B}.Release|ARM.ActiveCfg = Release|ARM
		{585FAC2B-FCEA-4571-BA61-E7611191405B}.Release|ARM.Build.0 = Release|ARM
		{585FAC2B-FCEA-4571-BA61-E7611191405B}.Release|ARM.Deploy.0 = Release|ARM
		{585FAC2B-FCEA-4571-BA61-E7611191405B}.Release|x64.ActiveCfg = Release|x64
		{585FAC2B-FCEA-4571-BA61-E7611191405B}.Release|x64.Build.0 = Release|x64
		{585FAC2B-FCEA-4571-BA61-E7611191405B}.Release|x64.Deploy.0 = Release|x64
		{585FAC2B-FCEA-4571-BA61-E7611191405B}.Release|x86.ActiveCfg = Release|x86
		{585FAC2B-FCEA-4571-BA61-E7611191405B}.Release|x86.Build.0 = Release|x86
		{585FAC2B-FCEA-4571-BA61-E7611191405B}.Release|x86.Deploy.0 = Release|x86
		{26512DAA-C323-4480-B249-F964B611270C}.Debug|Any CPU.ActiveCfg = Debug|Any CPU
		{26512DAA-C323-4480-B249-F964B611270C}.Debug|Any CPU.Build.0 = Debug|Any CPU
		{26512DAA-C323-4480-B249-F964B611270C}.Debug|ARM.ActiveCfg = Debug|Any CPU
		{26512DAA-C323-4480-B249-F964B611270C}.Debug|x64.ActiveCfg = Debug|Any CPU
		{26512DAA-C323-4480-B249-F964B611270C}.Debug|x86.ActiveCfg = Debug|Any CPU
		{26512DAA-C323-4480-B249-F964B611270C}.Release|Any CPU.ActiveCfg = Release|Any CPU
		{26512DAA-C323-4480-B249-F964B611270C}.Release|Any CPU.Build.0 = Release|Any CPU
		{26512DAA-C323-4480-B249-F964B611270C}.Release|ARM.ActiveCfg = Release|Any CPU
		{26512DAA-C323-4480-B249-F964B611270C}.Release|x64.ActiveCfg = Release|Any CPU
		{26512DAA-C323-4480-B249-F964B611270C}.Release|x86.ActiveCfg = Release|Any CPU
		{DFA7D83C-7678-43D7-99FB-7C70811C5A0D}.Debug|Any CPU.ActiveCfg = Debug|Any CPU
		{DFA7D83C-7678-43D7-99FB-7C70811C5A0D}.Debug|Any CPU.Build.0 = Debug|Any CPU
		{DFA7D83C-7678-43D7-99FB-7C70811C5A0D}.Debug|ARM.ActiveCfg = Debug|Any CPU
		{DFA7D83C-7678-43D7-99FB-7C70811C5A0D}.Debug|x64.ActiveCfg = Debug|Any CPU
		{DFA7D83C-7678-43D7-99FB-7C70811C5A0D}.Debug|x86.ActiveCfg = Debug|Any CPU
		{DFA7D83C-7678-43D7-99FB-7C70811C5A0D}.Release|Any CPU.ActiveCfg = Release|Any CPU
		{DFA7D83C-7678-43D7-99FB-7C70811C5A0D}.Release|Any CPU.Build.0 = Release|Any CPU
		{DFA7D83C-7678-43D7-99FB-7C70811C5A0D}.Release|ARM.ActiveCfg = Release|Any CPU
		{DFA7D83C-7678-43D7-99FB-7C70811C5A0D}.Release|x64.ActiveCfg = Release|Any CPU
		{DFA7D83C-7678-43D7-99FB-7C70811C5A0D}.Release|x86.ActiveCfg = Release|Any CPU
		{53640205-F618-45DA-952C-9A04CB0C14A0}.Debug|Any CPU.ActiveCfg = Debug|Any CPU
		{53640205-F618-45DA-952C-9A04CB0C14A0}.Debug|Any CPU.Build.0 = Debug|Any CPU
		{53640205-F618-45DA-952C-9A04CB0C14A0}.Debug|ARM.ActiveCfg = Debug|Any CPU
		{53640205-F618-45DA-952C-9A04CB0C14A0}.Debug|x64.ActiveCfg = Debug|Any CPU
		{53640205-F618-45DA-952C-9A04CB0C14A0}.Debug|x86.ActiveCfg = Debug|Any CPU
		{53640205-F618-45DA-952C-9A04CB0C14A0}.Release|Any CPU.ActiveCfg = Release|Any CPU
		{53640205-F618-45DA-952C-9A04CB0C14A0}.Release|Any CPU.Build.0 = Release|Any CPU
		{53640205-F618-45DA-952C-9A04CB0C14A0}.Release|ARM.ActiveCfg = Release|Any CPU
		{53640205-F618-45DA-952C-9A04CB0C14A0}.Release|x64.ActiveCfg = Release|Any CPU
		{53640205-F618-45DA-952C-9A04CB0C14A0}.Release|x86.ActiveCfg = Release|Any CPU
		{98D6D958-4103-40B3-BEEE-D8EE0D0DECE3}.Debug|Any CPU.ActiveCfg = Debug|Any CPU
		{98D6D958-4103-40B3-BEEE-D8EE0D0DECE3}.Debug|Any CPU.Build.0 = Debug|Any CPU
		{98D6D958-4103-40B3-BEEE-D8EE0D0DECE3}.Debug|ARM.ActiveCfg = Debug|Any CPU
		{98D6D958-4103-40B3-BEEE-D8EE0D0DECE3}.Debug|x64.ActiveCfg = Debug|Any CPU
		{98D6D958-4103-40B3-BEEE-D8EE0D0DECE3}.Debug|x86.ActiveCfg = Debug|Any CPU
		{98D6D958-4103-40B3-BEEE-D8EE0D0DECE3}.Release|Any CPU.ActiveCfg = Release|Any CPU
		{98D6D958-4103-40B3-BEEE-D8EE0D0DECE3}.Release|Any CPU.Build.0 = Release|Any CPU
		{98D6D958-4103-40B3-BEEE-D8EE0D0DECE3}.Release|ARM.ActiveCfg = Release|Any CPU
		{98D6D958-4103-40B3-BEEE-D8EE0D0DECE3}.Release|x64.ActiveCfg = Release|Any CPU
		{98D6D958-4103-40B3-BEEE-D8EE0D0DECE3}.Release|x86.ActiveCfg = Release|Any CPU
		{FFEFA70D-D2FA-48C5-AC5A-936A7A75B61F}.Debug|Any CPU.ActiveCfg = Debug|Any CPU
		{FFEFA70D-D2FA-48C5-AC5A-936A7A75B61F}.Debug|Any CPU.Build.0 = Debug|Any CPU
		{FFEFA70D-D2FA-48C5-AC5A-936A7A75B61F}.Debug|ARM.ActiveCfg = Debug|Any CPU
		{FFEFA70D-D2FA-48C5-AC5A-936A7A75B61F}.Debug|x64.ActiveCfg = Debug|Any CPU
		{FFEFA70D-D2FA-48C5-AC5A-936A7A75B61F}.Debug|x86.ActiveCfg = Debug|Any CPU
		{FFEFA70D-D2FA-48C5-AC5A-936A7A75B61F}.Release|Any CPU.ActiveCfg = Release|Any CPU
		{FFEFA70D-D2FA-48C5-AC5A-936A7A75B61F}.Release|Any CPU.Build.0 = Release|Any CPU
		{FFEFA70D-D2FA-48C5-AC5A-936A7A75B61F}.Release|ARM.ActiveCfg = Release|Any CPU
		{FFEFA70D-D2FA-48C5-AC5A-936A7A75B61F}.Release|x64.ActiveCfg = Release|Any CPU
		{FFEFA70D-D2FA-48C5-AC5A-936A7A75B61F}.Release|x86.ActiveCfg = Release|Any CPU
	EndGlobalSection
	GlobalSection(SolutionProperties) = preSolution
		HideSolutionNode = FALSE
	EndGlobalSection
EndGlobal
